// !$*UTF8*$!
{
	archiveVersion = 1;
	classes = {
	};
	objectVersion = 50;
	objects = {

/* Begin PBXBuildFile section */
		D252963425AE7B24003B515D /* HeaderView.swift in Sources */ = {isa = PBXBuildFile; fileRef = D252963225AE7B24003B515D /* HeaderView.swift */; };
		D252964525AE7B6A003B515D /* FlightTimeListView.swift in Sources */ = {isa = PBXBuildFile; fileRef = D252963725AE7B69003B515D /* FlightTimeListView.swift */; };
		D252964625AE7B6A003B515D /* OverviewView.swift in Sources */ = {isa = PBXBuildFile; fileRef = D252963625AE7B69003B515D /* OverviewView.swift */; };
		D252964725AE7B6A003B515D /* AircrewList.swift in Sources */ = {isa = PBXBuildFile; fileRef = D252963825AE7B69003B515D /* AircrewList.swift */; };
		D252964825AE7B6A003B515D /* FormView.swift in Sources */ = {isa = PBXBuildFile; fileRef = D252963D25AE7B69003B515D /* FormView.swift */; };
		D252964925AE7B6A003B515D /* AircrewDataView.swift in Sources */ = {isa = PBXBuildFile; fileRef = D252963A25AE7B69003B515D /* AircrewDataView.swift */; };
		D252964A25AE7B6A003B515D /* FlightSeqCellView.swift in Sources */ = {isa = PBXBuildFile; fileRef = D252963925AE7B69003B515D /* FlightSeqCellView.swift */; };
		D252964B25AE7B6A003B515D /* MissionDataView.swift in Sources */ = {isa = PBXBuildFile; fileRef = D252963B25AE7B69003B515D /* MissionDataView.swift */; };
		D252964C25AE7B6A003B515D /* AircrewListView.swift in Sources */ = {isa = PBXBuildFile; fileRef = D252963E25AE7B69003B515D /* AircrewListView.swift */; };
		D252964D25AE7B6A003B515D /* FormHeaderView.swift in Sources */ = {isa = PBXBuildFile; fileRef = D252964125AE7B69003B515D /* FormHeaderView.swift */; };
		D252964E25AE7B6A003B515D /* FlightTimeCellView.swift in Sources */ = {isa = PBXBuildFile; fileRef = D252964025AE7B69003B515D /* FlightTimeCellView.swift */; };
		D252964F25AE7B6A003B515D /* GrandTotalsView.swift in Sources */ = {isa = PBXBuildFile; fileRef = D252964425AE7B6A003B515D /* GrandTotalsView.swift */; };
		D252965025AE7B6A003B515D /* FormCellView.swift in Sources */ = {isa = PBXBuildFile; fileRef = D252964325AE7B6A003B515D /* FormCellView.swift */; };
		D252965125AE7B6A003B515D /* FlightSeqListView.swift in Sources */ = {isa = PBXBuildFile; fileRef = D252963F25AE7B69003B515D /* FlightSeqListView.swift */; };
		D252965225AE7B6A003B515D /* AircrewListCellView.swift in Sources */ = {isa = PBXBuildFile; fileRef = D252964225AE7B6A003B515D /* AircrewListCellView.swift */; };
		D252965325AE7B6A003B515D /* MissionDataInfoView.swift in Sources */ = {isa = PBXBuildFile; fileRef = D252963C25AE7B69003B515D /* MissionDataInfoView.swift */; };
		D252965F25AE7B81003B515D /* CellLine.swift in Sources */ = {isa = PBXBuildFile; fileRef = D252965925AE7B81003B515D /* CellLine.swift */; };
		D252966025AE7B81003B515D /* RegularText.swift in Sources */ = {isa = PBXBuildFile; fileRef = D252965A25AE7B81003B515D /* RegularText.swift */; };
		D252966125AE7B81003B515D /* RegularTextField.swift in Sources */ = {isa = PBXBuildFile; fileRef = D252965C25AE7B81003B515D /* RegularTextField.swift */; };
		D252966225AE7B81003B515D /* ListHeaderText.swift in Sources */ = {isa = PBXBuildFile; fileRef = D252965D25AE7B81003B515D /* ListHeaderText.swift */; };
		D252966325AE7B81003B515D /* TextAndIconButton.swift in Sources */ = {isa = PBXBuildFile; fileRef = D252965E25AE7B81003B515D /* TextAndIconButton.swift */; };
		D252966425AE7B81003B515D /* BoldText.swift in Sources */ = {isa = PBXBuildFile; fileRef = D252965B25AE7B81003B515D /* BoldText.swift */; };
		D29C465E25AE569600F736D3 /* AppDelegate.swift in Sources */ = {isa = PBXBuildFile; fileRef = D29C465D25AE569600F736D3 /* AppDelegate.swift */; };
		D29C466025AE569600F736D3 /* SceneDelegate.swift in Sources */ = {isa = PBXBuildFile; fileRef = D29C465F25AE569600F736D3 /* SceneDelegate.swift */; };
		D29C466225AE569600F736D3 /* ContentView.swift in Sources */ = {isa = PBXBuildFile; fileRef = D29C466125AE569600F736D3 /* ContentView.swift */; };
		D29C466725AE569800F736D3 /* Preview Assets.xcassets in Resources */ = {isa = PBXBuildFile; fileRef = D29C466625AE569800F736D3 /* Preview Assets.xcassets */; };
		D29C466A25AE569800F736D3 /* LaunchScreen.storyboard in Resources */ = {isa = PBXBuildFile; fileRef = D29C466825AE569800F736D3 /* LaunchScreen.storyboard */; };
		D29C467425AE57EA00F736D3 /* MainFormView.swift in Sources */ = {isa = PBXBuildFile; fileRef = D29C467325AE57EA00F736D3 /* MainFormView.swift */; };
		D29C467725AE580400F736D3 /* FormData.swift in Sources */ = {isa = PBXBuildFile; fileRef = D29C467625AE580400F736D3 /* FormData.swift */; };
		D29C467B25AE6A1200F736D3 /* Color+PBLStyle.swift in Sources */ = {isa = PBXBuildFile; fileRef = D29C467A25AE6A1200F736D3 /* Color+PBLStyle.swift */; };
		D2FF7A8A25AE78AC0096D26A /* Assets.xcassets in Resources */ = {isa = PBXBuildFile; fileRef = D2FF7A8925AE78AC0096D26A /* Assets.xcassets */; };
/* End PBXBuildFile section */

/* Begin PBXFileReference section */
		D252963225AE7B24003B515D /* HeaderView.swift */ = {isa = PBXFileReference; fileEncoding = 4; lastKnownFileType = sourcecode.swift; path = HeaderView.swift; sourceTree = "<group>"; };
		D252963625AE7B69003B515D /* OverviewView.swift */ = {isa = PBXFileReference; lastKnownFileType = sourcecode.swift; path = OverviewView.swift; sourceTree = "<group>"; };
		D252963725AE7B69003B515D /* FlightTimeListView.swift */ = {isa = PBXFileReference; lastKnownFileType = sourcecode.swift; path = FlightTimeListView.swift; sourceTree = "<group>"; };
		D252963825AE7B69003B515D /* AircrewList.swift */ = {isa = PBXFileReference; lastKnownFileType = sourcecode.swift; path = AircrewList.swift; sourceTree = "<group>"; };
		D252963925AE7B69003B515D /* FlightSeqCellView.swift */ = {isa = PBXFileReference; lastKnownFileType = sourcecode.swift; path = FlightSeqCellView.swift; sourceTree = "<group>"; };
		D252963A25AE7B69003B515D /* AircrewDataView.swift */ = {isa = PBXFileReference; lastKnownFileType = sourcecode.swift; path = AircrewDataView.swift; sourceTree = "<group>"; };
		D252963B25AE7B69003B515D /* MissionDataView.swift */ = {isa = PBXFileReference; lastKnownFileType = sourcecode.swift; path = MissionDataView.swift; sourceTree = "<group>"; };
		D252963C25AE7B69003B515D /* MissionDataInfoView.swift */ = {isa = PBXFileReference; lastKnownFileType = sourcecode.swift; path = MissionDataInfoView.swift; sourceTree = "<group>"; };
		D252963D25AE7B69003B515D /* FormView.swift */ = {isa = PBXFileReference; lastKnownFileType = sourcecode.swift; path = FormView.swift; sourceTree = "<group>"; };
		D252963E25AE7B69003B515D /* AircrewListView.swift */ = {isa = PBXFileReference; lastKnownFileType = sourcecode.swift; path = AircrewListView.swift; sourceTree = "<group>"; };
		D252963F25AE7B69003B515D /* FlightSeqListView.swift */ = {isa = PBXFileReference; lastKnownFileType = sourcecode.swift; path = FlightSeqListView.swift; sourceTree = "<group>"; };
		D252964025AE7B69003B515D /* FlightTimeCellView.swift */ = {isa = PBXFileReference; lastKnownFileType = sourcecode.swift; path = FlightTimeCellView.swift; sourceTree = "<group>"; };
		D252964125AE7B69003B515D /* FormHeaderView.swift */ = {isa = PBXFileReference; lastKnownFileType = sourcecode.swift; path = FormHeaderView.swift; sourceTree = "<group>"; };
		D252964225AE7B6A003B515D /* AircrewListCellView.swift */ = {isa = PBXFileReference; lastKnownFileType = sourcecode.swift; path = AircrewListCellView.swift; sourceTree = "<group>"; };
		D252964325AE7B6A003B515D /* FormCellView.swift */ = {isa = PBXFileReference; lastKnownFileType = sourcecode.swift; path = FormCellView.swift; sourceTree = "<group>"; };
		D252964425AE7B6A003B515D /* GrandTotalsView.swift */ = {isa = PBXFileReference; lastKnownFileType = sourcecode.swift; path = GrandTotalsView.swift; sourceTree = "<group>"; };
		D252965925AE7B81003B515D /* CellLine.swift */ = {isa = PBXFileReference; lastKnownFileType = sourcecode.swift; path = CellLine.swift; sourceTree = "<group>"; };
		D252965A25AE7B81003B515D /* RegularText.swift */ = {isa = PBXFileReference; lastKnownFileType = sourcecode.swift; path = RegularText.swift; sourceTree = "<group>"; };
		D252965B25AE7B81003B515D /* BoldText.swift */ = {isa = PBXFileReference; lastKnownFileType = sourcecode.swift; path = BoldText.swift; sourceTree = "<group>"; };
		D252965C25AE7B81003B515D /* RegularTextField.swift */ = {isa = PBXFileReference; lastKnownFileType = sourcecode.swift; path = RegularTextField.swift; sourceTree = "<group>"; };
		D252965D25AE7B81003B515D /* ListHeaderText.swift */ = {isa = PBXFileReference; lastKnownFileType = sourcecode.swift; path = ListHeaderText.swift; sourceTree = "<group>"; };
		D252965E25AE7B81003B515D /* TextAndIconButton.swift */ = {isa = PBXFileReference; lastKnownFileType = sourcecode.swift; path = TextAndIconButton.swift; sourceTree = "<group>"; };
		D29C465A25AE569600F736D3 /* DemoNav.app */ = {isa = PBXFileReference; explicitFileType = wrapper.application; includeInIndex = 0; path = DemoNav.app; sourceTree = BUILT_PRODUCTS_DIR; };
		D29C465D25AE569600F736D3 /* AppDelegate.swift */ = {isa = PBXFileReference; lastKnownFileType = sourcecode.swift; path = AppDelegate.swift; sourceTree = "<group>"; };
		D29C465F25AE569600F736D3 /* SceneDelegate.swift */ = {isa = PBXFileReference; lastKnownFileType = sourcecode.swift; path = SceneDelegate.swift; sourceTree = "<group>"; };
		D29C466125AE569600F736D3 /* ContentView.swift */ = {isa = PBXFileReference; lastKnownFileType = sourcecode.swift; path = ContentView.swift; sourceTree = "<group>"; };
		D29C466625AE569800F736D3 /* Preview Assets.xcassets */ = {isa = PBXFileReference; lastKnownFileType = folder.assetcatalog; path = "Preview Assets.xcassets"; sourceTree = "<group>"; };
		D29C466925AE569800F736D3 /* Base */ = {isa = PBXFileReference; lastKnownFileType = file.storyboard; name = Base; path = Base.lproj/LaunchScreen.storyboard; sourceTree = "<group>"; };
		D29C466B25AE569800F736D3 /* Info.plist */ = {isa = PBXFileReference; lastKnownFileType = text.plist.xml; path = Info.plist; sourceTree = "<group>"; };
		D29C467325AE57EA00F736D3 /* MainFormView.swift */ = {isa = PBXFileReference; lastKnownFileType = sourcecode.swift; path = MainFormView.swift; sourceTree = "<group>"; };
		D29C467625AE580400F736D3 /* FormData.swift */ = {isa = PBXFileReference; lastKnownFileType = sourcecode.swift; path = FormData.swift; sourceTree = "<group>"; };
		D29C467A25AE6A1200F736D3 /* Color+PBLStyle.swift */ = {isa = PBXFileReference; fileEncoding = 4; lastKnownFileType = sourcecode.swift; path = "Color+PBLStyle.swift"; sourceTree = "<group>"; };
		D2FF7A8925AE78AC0096D26A /* Assets.xcassets */ = {isa = PBXFileReference; lastKnownFileType = folder.assetcatalog; name = Assets.xcassets; path = "../../../../../Documents/asdf/Logging-iOS/PBLogging/Resources/Assets.xcassets"; sourceTree = "<group>"; };
/* End PBXFileReference section */

/* Begin PBXFrameworksBuildPhase section */
		D29C465725AE569600F736D3 /* Frameworks */ = {
			isa = PBXFrameworksBuildPhase;
			buildActionMask = 2147483647;
			files = (
			);
			runOnlyForDeploymentPostprocessing = 0;
		};
/* End PBXFrameworksBuildPhase section */

/* Begin PBXGroup section */
		D21D86E625AE76DC009DD6B1 /* OldFiles */ = {
			isa = PBXGroup;
			children = (
				D29C467A25AE6A1200F736D3 /* Color+PBLStyle.swift */,
				D252963A25AE7B69003B515D /* AircrewDataView.swift */,
				D252963825AE7B69003B515D /* AircrewList.swift */,
				D252965B25AE7B81003B515D /* BoldText.swift */,
				D252965925AE7B81003B515D /* CellLine.swift */,
				D252965D25AE7B81003B515D /* ListHeaderText.swift */,
				D252965A25AE7B81003B515D /* RegularText.swift */,
				D252965C25AE7B81003B515D /* RegularTextField.swift */,
				D252965E25AE7B81003B515D /* TextAndIconButton.swift */,
				D252964225AE7B6A003B515D /* AircrewListCellView.swift */,
				D252963E25AE7B69003B515D /* AircrewListView.swift */,
				D252963925AE7B69003B515D /* FlightSeqCellView.swift */,
				D252963F25AE7B69003B515D /* FlightSeqListView.swift */,
				D252964025AE7B69003B515D /* FlightTimeCellView.swift */,
				D252963725AE7B69003B515D /* FlightTimeListView.swift */,
				D252964325AE7B6A003B515D /* FormCellView.swift */,
				D252964125AE7B69003B515D /* FormHeaderView.swift */,
				D252963D25AE7B69003B515D /* FormView.swift */,
				D252964425AE7B6A003B515D /* GrandTotalsView.swift */,
				D252963C25AE7B69003B515D /* MissionDataInfoView.swift */,
				D252963B25AE7B69003B515D /* MissionDataView.swift */,
				D252963625AE7B69003B515D /* OverviewView.swift */,
				D252963225AE7B24003B515D /* HeaderView.swift */,
			);
			path = OldFiles;
			sourceTree = "<group>";
		};
		D29C465125AE569600F736D3 = {
			isa = PBXGroup;
			children = (
				D29C465C25AE569600F736D3 /* DemoNav */,
				D29C465B25AE569600F736D3 /* Products */,
			);
			sourceTree = "<group>";
		};
		D29C465B25AE569600F736D3 /* Products */ = {
			isa = PBXGroup;
			children = (
				D29C465A25AE569600F736D3 /* DemoNav.app */,
			);
			name = Products;
			sourceTree = "<group>";
		};
		D29C465C25AE569600F736D3 /* DemoNav */ = {
			isa = PBXGroup;
			children = (
				D21D86E625AE76DC009DD6B1 /* OldFiles */,
				D29C467625AE580400F736D3 /* FormData.swift */,
				D29C465D25AE569600F736D3 /* AppDelegate.swift */,
				D29C465F25AE569600F736D3 /* SceneDelegate.swift */,
				D29C466125AE569600F736D3 /* ContentView.swift */,
				D29C467325AE57EA00F736D3 /* MainFormView.swift */,
				D29C466825AE569800F736D3 /* LaunchScreen.storyboard */,
				D29C466B25AE569800F736D3 /* Info.plist */,
				D2FF7A8925AE78AC0096D26A /* Assets.xcassets */,
				D29C466525AE569800F736D3 /* Preview Content */,
			);
			path = DemoNav;
			sourceTree = "<group>";
		};
		D29C466525AE569800F736D3 /* Preview Content */ = {
			isa = PBXGroup;
			children = (
				D29C466625AE569800F736D3 /* Preview Assets.xcassets */,
			);
			path = "Preview Content";
			sourceTree = "<group>";
		};
/* End PBXGroup section */

/* Begin PBXNativeTarget section */
		D29C465925AE569600F736D3 /* DemoNav */ = {
			isa = PBXNativeTarget;
			buildConfigurationList = D29C466E25AE569800F736D3 /* Build configuration list for PBXNativeTarget "DemoNav" */;
			buildPhases = (
				D29C465625AE569600F736D3 /* Sources */,
				D29C465725AE569600F736D3 /* Frameworks */,
				D29C465825AE569600F736D3 /* Resources */,
			);
			buildRules = (
			);
			dependencies = (
			);
			name = DemoNav;
			productName = DemoNav;
			productReference = D29C465A25AE569600F736D3 /* DemoNav.app */;
			productType = "com.apple.product-type.application";
		};
/* End PBXNativeTarget section */

/* Begin PBXProject section */
		D29C465225AE569600F736D3 /* Project object */ = {
			isa = PBXProject;
			attributes = {
				LastSwiftUpdateCheck = 1230;
				LastUpgradeCheck = 1230;
				TargetAttributes = {
					D29C465925AE569600F736D3 = {
						CreatedOnToolsVersion = 12.3;
					};
				};
			};
			buildConfigurationList = D29C465525AE569600F736D3 /* Build configuration list for PBXProject "DemoNav" */;
			compatibilityVersion = "Xcode 9.3";
			developmentRegion = en;
			hasScannedForEncodings = 0;
			knownRegions = (
				en,
				Base,
			);
			mainGroup = D29C465125AE569600F736D3;
			productRefGroup = D29C465B25AE569600F736D3 /* Products */;
			projectDirPath = "";
			projectRoot = "";
			targets = (
				D29C465925AE569600F736D3 /* DemoNav */,
			);
		};
/* End PBXProject section */

/* Begin PBXResourcesBuildPhase section */
		D29C465825AE569600F736D3 /* Resources */ = {
			isa = PBXResourcesBuildPhase;
			buildActionMask = 2147483647;
			files = (
				D29C466A25AE569800F736D3 /* LaunchScreen.storyboard in Resources */,
				D2FF7A8A25AE78AC0096D26A /* Assets.xcassets in Resources */,
				D29C466725AE569800F736D3 /* Preview Assets.xcassets in Resources */,
			);
			runOnlyForDeploymentPostprocessing = 0;
		};
/* End PBXResourcesBuildPhase section */

/* Begin PBXSourcesBuildPhase section */
		D29C465625AE569600F736D3 /* Sources */ = {
			isa = PBXSourcesBuildPhase;
			buildActionMask = 2147483647;
			files = (
				D252965125AE7B6A003B515D /* FlightSeqListView.swift in Sources */,
				D29C467B25AE6A1200F736D3 /* Color+PBLStyle.swift in Sources */,
				D252966125AE7B81003B515D /* RegularTextField.swift in Sources */,
				D252965225AE7B6A003B515D /* AircrewListCellView.swift in Sources */,
				D252966025AE7B81003B515D /* RegularText.swift in Sources */,
				D252966325AE7B81003B515D /* TextAndIconButton.swift in Sources */,
				D252964725AE7B6A003B515D /* AircrewList.swift in Sources */,
				D29C465E25AE569600F736D3 /* AppDelegate.swift in Sources */,
				D252966225AE7B81003B515D /* ListHeaderText.swift in Sources */,
				D29C467725AE580400F736D3 /* FormData.swift in Sources */,
				D252964F25AE7B6A003B515D /* GrandTotalsView.swift in Sources */,
				D252965325AE7B6A003B515D /* MissionDataInfoView.swift in Sources */,
				D29C467425AE57EA00F736D3 /* MainFormView.swift in Sources */,
				D252964C25AE7B6A003B515D /* AircrewListView.swift in Sources */,
				D252964B25AE7B6A003B515D /* MissionDataView.swift in Sources */,
				D252964D25AE7B6A003B515D /* FormHeaderView.swift in Sources */,
				D252964A25AE7B6A003B515D /* FlightSeqCellView.swift in Sources */,
				D252964625AE7B6A003B515D /* OverviewView.swift in Sources */,
				D252964925AE7B6A003B515D /* AircrewDataView.swift in Sources */,
				D252966425AE7B81003B515D /* BoldText.swift in Sources */,
				D29C466025AE569600F736D3 /* SceneDelegate.swift in Sources */,
				D29C466225AE569600F736D3 /* ContentView.swift in Sources */,
				D252963425AE7B24003B515D /* HeaderView.swift in Sources */,
				D252964E25AE7B6A003B515D /* FlightTimeCellView.swift in Sources */,
				D252964525AE7B6A003B515D /* FlightTimeListView.swift in Sources */,
				D252965025AE7B6A003B515D /* FormCellView.swift in Sources */,
				D252964825AE7B6A003B515D /* FormView.swift in Sources */,
				D252965F25AE7B81003B515D /* CellLine.swift in Sources */,
			);
			runOnlyForDeploymentPostprocessing = 0;
		};
/* End PBXSourcesBuildPhase section */

/* Begin PBXVariantGroup section */
		D29C466825AE569800F736D3 /* LaunchScreen.storyboard */ = {
			isa = PBXVariantGroup;
			children = (
				D29C466925AE569800F736D3 /* Base */,
			);
			name = LaunchScreen.storyboard;
			sourceTree = "<group>";
		};
/* End PBXVariantGroup section */

/* Begin XCBuildConfiguration section */
		D29C466C25AE569800F736D3 /* Debug */ = {
			isa = XCBuildConfiguration;
			buildSettings = {
				ALWAYS_SEARCH_USER_PATHS = NO;
				CLANG_ANALYZER_NONNULL = YES;
				CLANG_ANALYZER_NUMBER_OBJECT_CONVERSION = YES_AGGRESSIVE;
				CLANG_CXX_LANGUAGE_STANDARD = "gnu++14";
				CLANG_CXX_LIBRARY = "libc++";
				CLANG_ENABLE_MODULES = YES;
				CLANG_ENABLE_OBJC_ARC = YES;
				CLANG_ENABLE_OBJC_WEAK = YES;
				CLANG_WARN_BLOCK_CAPTURE_AUTORELEASING = YES;
				CLANG_WARN_BOOL_CONVERSION = YES;
				CLANG_WARN_COMMA = YES;
				CLANG_WARN_CONSTANT_CONVERSION = YES;
				CLANG_WARN_DEPRECATED_OBJC_IMPLEMENTATIONS = YES;
				CLANG_WARN_DIRECT_OBJC_ISA_USAGE = YES_ERROR;
				CLANG_WARN_DOCUMENTATION_COMMENTS = YES;
				CLANG_WARN_EMPTY_BODY = YES;
				CLANG_WARN_ENUM_CONVERSION = YES;
				CLANG_WARN_INFINITE_RECURSION = YES;
				CLANG_WARN_INT_CONVERSION = YES;
				CLANG_WARN_NON_LITERAL_NULL_CONVERSION = YES;
				CLANG_WARN_OBJC_IMPLICIT_RETAIN_SELF = YES;
				CLANG_WARN_OBJC_LITERAL_CONVERSION = YES;
				CLANG_WARN_OBJC_ROOT_CLASS = YES_ERROR;
				CLANG_WARN_QUOTED_INCLUDE_IN_FRAMEWORK_HEADER = YES;
				CLANG_WARN_RANGE_LOOP_ANALYSIS = YES;
				CLANG_WARN_STRICT_PROTOTYPES = YES;
				CLANG_WARN_SUSPICIOUS_MOVE = YES;
				CLANG_WARN_UNGUARDED_AVAILABILITY = YES_AGGRESSIVE;
				CLANG_WARN_UNREACHABLE_CODE = YES;
				CLANG_WARN__DUPLICATE_METHOD_MATCH = YES;
				COPY_PHASE_STRIP = NO;
				DEBUG_INFORMATION_FORMAT = dwarf;
				ENABLE_STRICT_OBJC_MSGSEND = YES;
				ENABLE_TESTABILITY = YES;
				GCC_C_LANGUAGE_STANDARD = gnu11;
				GCC_DYNAMIC_NO_PIC = NO;
				GCC_NO_COMMON_BLOCKS = YES;
				GCC_OPTIMIZATION_LEVEL = 0;
				GCC_PREPROCESSOR_DEFINITIONS = (
					"DEBUG=1",
					"$(inherited)",
				);
				GCC_WARN_64_TO_32_BIT_CONVERSION = YES;
				GCC_WARN_ABOUT_RETURN_TYPE = YES_ERROR;
				GCC_WARN_UNDECLARED_SELECTOR = YES;
				GCC_WARN_UNINITIALIZED_AUTOS = YES_AGGRESSIVE;
				GCC_WARN_UNUSED_FUNCTION = YES;
				GCC_WARN_UNUSED_VARIABLE = YES;
				IPHONEOS_DEPLOYMENT_TARGET = 14.3;
				MTL_ENABLE_DEBUG_INFO = INCLUDE_SOURCE;
				MTL_FAST_MATH = YES;
				ONLY_ACTIVE_ARCH = YES;
				SDKROOT = iphoneos;
				SWIFT_ACTIVE_COMPILATION_CONDITIONS = DEBUG;
				SWIFT_OPTIMIZATION_LEVEL = "-Onone";
			};
			name = Debug;
		};
		D29C466D25AE569800F736D3 /* Release */ = {
			isa = XCBuildConfiguration;
			buildSettings = {
				ALWAYS_SEARCH_USER_PATHS = NO;
				CLANG_ANALYZER_NONNULL = YES;
				CLANG_ANALYZER_NUMBER_OBJECT_CONVERSION = YES_AGGRESSIVE;
				CLANG_CXX_LANGUAGE_STANDARD = "gnu++14";
				CLANG_CXX_LIBRARY = "libc++";
				CLANG_ENABLE_MODULES = YES;
				CLANG_ENABLE_OBJC_ARC = YES;
				CLANG_ENABLE_OBJC_WEAK = YES;
				CLANG_WARN_BLOCK_CAPTURE_AUTORELEASING = YES;
				CLANG_WARN_BOOL_CONVERSION = YES;
				CLANG_WARN_COMMA = YES;
				CLANG_WARN_CONSTANT_CONVERSION = YES;
				CLANG_WARN_DEPRECATED_OBJC_IMPLEMENTATIONS = YES;
				CLANG_WARN_DIRECT_OBJC_ISA_USAGE = YES_ERROR;
				CLANG_WARN_DOCUMENTATION_COMMENTS = YES;
				CLANG_WARN_EMPTY_BODY = YES;
				CLANG_WARN_ENUM_CONVERSION = YES;
				CLANG_WARN_INFINITE_RECURSION = YES;
				CLANG_WARN_INT_CONVERSION = YES;
				CLANG_WARN_NON_LITERAL_NULL_CONVERSION = YES;
				CLANG_WARN_OBJC_IMPLICIT_RETAIN_SELF = YES;
				CLANG_WARN_OBJC_LITERAL_CONVERSION = YES;
				CLANG_WARN_OBJC_ROOT_CLASS = YES_ERROR;
				CLANG_WARN_QUOTED_INCLUDE_IN_FRAMEWORK_HEADER = YES;
				CLANG_WARN_RANGE_LOOP_ANALYSIS = YES;
				CLANG_WARN_STRICT_PROTOTYPES = YES;
				CLANG_WARN_SUSPICIOUS_MOVE = YES;
				CLANG_WARN_UNGUARDED_AVAILABILITY = YES_AGGRESSIVE;
				CLANG_WARN_UNREACHABLE_CODE = YES;
				CLANG_WARN__DUPLICATE_METHOD_MATCH = YES;
				COPY_PHASE_STRIP = NO;
				DEBUG_INFORMATION_FORMAT = "dwarf-with-dsym";
				ENABLE_NS_ASSERTIONS = NO;
				ENABLE_STRICT_OBJC_MSGSEND = YES;
				GCC_C_LANGUAGE_STANDARD = gnu11;
				GCC_NO_COMMON_BLOCKS = YES;
				GCC_WARN_64_TO_32_BIT_CONVERSION = YES;
				GCC_WARN_ABOUT_RETURN_TYPE = YES_ERROR;
				GCC_WARN_UNDECLARED_SELECTOR = YES;
				GCC_WARN_UNINITIALIZED_AUTOS = YES_AGGRESSIVE;
				GCC_WARN_UNUSED_FUNCTION = YES;
				GCC_WARN_UNUSED_VARIABLE = YES;
				IPHONEOS_DEPLOYMENT_TARGET = 14.3;
				MTL_ENABLE_DEBUG_INFO = NO;
				MTL_FAST_MATH = YES;
				SDKROOT = iphoneos;
				SWIFT_COMPILATION_MODE = wholemodule;
				SWIFT_OPTIMIZATION_LEVEL = "-O";
				VALIDATE_PRODUCT = YES;
			};
			name = Release;
		};
		D29C466F25AE569800F736D3 /* Debug */ = {
			isa = XCBuildConfiguration;
			buildSettings = {
				ASSETCATALOG_COMPILER_APPICON_NAME = AppIcon;
				ASSETCATALOG_COMPILER_GLOBAL_ACCENT_COLOR_NAME = AccentColor;
				CODE_SIGN_STYLE = Automatic;
				DEVELOPMENT_ASSET_PATHS = "\"DemoNav/Preview Content\"";
				DEVELOPMENT_TEAM = 4W9F335W5Y;
				ENABLE_PREVIEWS = YES;
				INFOPLIST_FILE = DemoNav/Info.plist;
				IPHONEOS_DEPLOYMENT_TARGET = 13.5;
				LD_RUNPATH_SEARCH_PATHS = (
					"$(inherited)",
					"@executable_path/Frameworks",
				);
				PRODUCT_BUNDLE_IDENTIFIER = com.glotech.DemoNav;
				PRODUCT_NAME = "$(TARGET_NAME)";
				SWIFT_VERSION = 5.0;
				TARGETED_DEVICE_FAMILY = "1,2";
			};
			name = Debug;
		};
		D29C467025AE569800F736D3 /* Release */ = {
			isa = XCBuildConfiguration;
			buildSettings = {
				ASSETCATALOG_COMPILER_APPICON_NAME = AppIcon;
				ASSETCATALOG_COMPILER_GLOBAL_ACCENT_COLOR_NAME = AccentColor;
				CODE_SIGN_STYLE = Automatic;
				DEVELOPMENT_ASSET_PATHS = "\"DemoNav/Preview Content\"";
				DEVELOPMENT_TEAM = 4W9F335W5Y;
				ENABLE_PREVIEWS = YES;
				INFOPLIST_FILE = DemoNav/Info.plist;
				IPHONEOS_DEPLOYMENT_TARGET = 13.5;
				LD_RUNPATH_SEARCH_PATHS = (
					"$(inherited)",
					"@executable_path/Frameworks",
				);
				PRODUCT_BUNDLE_IDENTIFIER = com.glotech.DemoNav;
				PRODUCT_NAME = "$(TARGET_NAME)";
				SWIFT_VERSION = 5.0;
				TARGETED_DEVICE_FAMILY = "1,2";
			};
			name = Release;
		};
/* End XCBuildConfiguration section */

/* Begin XCConfigurationList section */
		D29C465525AE569600F736D3 /* Build configuration list for PBXProject "DemoNav" */ = {
			isa = XCConfigurationList;
			buildConfigurations = (
				D29C466C25AE569800F736D3 /* Debug */,
				D29C466D25AE569800F736D3 /* Release */,
			);
			defaultConfigurationIsVisible = 0;
			defaultConfigurationName = Release;
		};
		D29C466E25AE569800F736D3 /* Build configuration list for PBXNativeTarget "DemoNav" */ = {
			isa = XCConfigurationList;
			buildConfigurations = (
				D29C466F25AE569800F736D3 /* Debug */,
				D29C467025AE569800F736D3 /* Release */,
			);
			defaultConfigurationIsVisible = 0;
			defaultConfigurationName = Release;
		};
/* End XCConfigurationList section */
	};
	rootObject = D29C465225AE569600F736D3 /* Project object */;
}
